
Microsoft Visual Studio Solution File, Format Version 12.00
# Visual Studio Version 16
VisualStudioVersion = 16.0.32228.343
MinimumVisualStudioVersion = 10.0.40219.1
Project("{FAE04EC0-301F-11D3-BF4B-00C04F79EFBC}") = "UMS", "UMS\UMS.csproj", "{FE93E4B0-4C19-4F2B-8481-AC0AFE3C0DC7}"
EndProject
Global
	GlobalSection(SolutionConfigurationPlatforms) = preSolution
		Debug|Any CPU = Debug|Any CPU
		Release|Any CPU = Release|Any CPU
	EndGlobalSection
	GlobalSection(ProjectConfigurationPlatforms) = postSolution
		{FE93E4B0-4C19-4F2B-8481-AC0AFE3C0DC7}.Debug|Any CPU.ActiveCfg = Debug|Any CPU
		{FE93E4B0-4C19-4F2B-8481-AC0AFE3C0DC7}.Debug|Any CPU.Build.0 = Debug|Any CPU
		{FE93E4B0-4C19-4F2B-8481-AC0AFE3C0DC7}.Release|Any CPU.ActiveCfg = Release|Any CPU
		{FE93E4B0-4C19-4F2B-8481-AC0AFE3C0DC7}.Release|Any CPU.Build.0 = Release|Any CPU
	EndGlobalSection
	GlobalSection(SolutionProperties) = preSolution
		HideSolutionNode = FALSE
	EndGlobalSection
	GlobalSection(ExtensibilityGlobals) = postSolution
		SolutionGuid = {CC0A733C-402E-42AC-BA41-58A1C94B2ACD}
	EndGlobalSection
EndGlobal
